<?xml version="1.0" encoding="utf-8"?>
<Project ToolsVersion="4.0" xmlns="http://schemas.microsoft.com/developer/msbuild/2003">
  <ItemGroup>
    <ClCompile Include="pch.cpp" />
    <ClCompile Include="Dht11.cpp" />
    <ClCompile Include="Dht22.cpp" />
  </ItemGroup>
  <ItemGroup>
    <ClInclude Include="pch.h" />
    <ClInclude Include="Dht.h" />
  </ItemGroup>
  <ItemGroup>
    <Filter Include="Documents">
      <UniqueIdentifier>{de412d8f-9e78-4516-aa25-714d6115a4d7}</UniqueIdentifier>
    </Filter>
  </ItemGroup>
  <ItemGroup>
    <None Include="..\..\..\..\..\..\..\OneDrive\IoT\Hackster.io\DHT11\DHT11-Technical-Data-Sheet-Translated-Version.pdf">
      <Filter>Documents</Filter>
    </None>
    <None Include="..\..\..\..\..\..\..\OneDrive\IoT\Data Sheets\DHT11.pdf">
      <Filter>Documents</Filter>
    </None>
    <None Include="..\..\..\..\..\..\..\OneDrive\IoT\Data Sheets\DHT22.pdf">
      <Filter>Documents</Filter>
    </None>
    <None Include="Dht.1.0.2.nupkg" />
  </ItemGroup>
</Project>